
Microsoft Visual Studio Solution File, Format Version 12.00
# Visual Studio Version 17
VisualStudioVersion = 17.9.34728.123
MinimumVisualStudioVersion = 10.0.40219.1
Project("{FAE04EC0-301F-11D3-BF4B-00C04F79EFBC}") = "CRM", "CRM\CRM.csproj", "{4B6B547C-A9E7-44A8-8318-CA87FDE62505}"
EndProject
Project("{FAE04EC0-301F-11D3-BF4B-00C04F79EFBC}") = "Catalog", "Catalog\Catalog.csproj", "{E16C079A-C71C-42B4-AE34-7778D90EEA59}"
EndProject
Project("{FAE04EC0-301F-11D3-BF4B-00C04F79EFBC}") = "OrderProcessing", "OrderProcessing\OrderProcessing.csproj", "{1F57D05A-7579-4C56-99D0-AF12201B724B}"
EndProject
Project("{FAE04EC0-301F-11D3-BF4B-00C04F79EFBC}") = "E-commerceTest", "E-commerceTest\E-commerceTest.csproj", "{D437984E-9438-4B3E-B0F9-6B22E885F8B3}"
EndProject
Project("{FAE04EC0-301F-11D3-BF4B-00C04F79EFBC}") = "EcommerceWeb", "EcommerceWeb\EcommerceWeb.csproj", "{D6FBB280-9153-4D97-B8CF-8A06A0B4E333}"
EndProject
Project("{FAE04EC0-301F-11D3-BF4B-00C04F79EFBC}") = "CSharpFeatureApp", "CSharpFeatureApp\CSharpFeatureApp.csproj", "{5B354F17-D8CA-4701-8535-DC57B525B984}"
EndProject
Project("{FAE04EC0-301F-11D3-BF4B-00C04F79EFBC}") = "ConsoleFeatureApp", "ConsoleFeatureApp\ConsoleFeatureApp.csproj", "{25EA9A6E-88D8-47A6-90AC-2F28EC4688D2}"
EndProject
Project("{FAE04EC0-301F-11D3-BF4B-00C04F79EFBC}") = "Banking", "Banking\Banking.csproj", "{5519A0D6-8044-40C9-91DB-CFD8BD0139DA}"
EndProject
Project("{FAE04EC0-301F-11D3-BF4B-00C04F79EFBC}") = "Taxation", "Taxation\Taxation.csproj", "{05D9A8D4-9432-468B-BAC9-5ECA3173DFA3}"
EndProject
Project("{FAE04EC0-301F-11D3-BF4B-00C04F79EFBC}") = "Penalty", "Penalty\Penalty.csproj", "{ADF33D41-A208-4DBA-AA35-86F3BF7E7802}"
EndProject
Project("{FAE04EC0-301F-11D3-BF4B-00C04F79EFBC}") = "Delegation", "Delegation\Delegation.csproj", "{6D04D2B4-0686-4526-BB2E-22511261A8FF}"
EndProject
Project("{FAE04EC0-301F-11D3-BF4B-00C04F79EFBC}") = "Payments", "Payments\Payments.csproj", "{5C3BC87D-FA34-4C1D-B72A-61D22E0F14FF}"
EndProject
Global
	GlobalSection(SolutionConfigurationPlatforms) = preSolution
		Debug|Any CPU = Debug|Any CPU
		Release|Any CPU = Release|Any CPU
	EndGlobalSection
	GlobalSection(ProjectConfigurationPlatforms) = postSolution
		{4B6B547C-A9E7-44A8-8318-CA87FDE62505}.Debug|Any CPU.ActiveCfg = Debug|Any CPU
		{4B6B547C-A9E7-44A8-8318-CA87FDE62505}.Debug|Any CPU.Build.0 = Debug|Any CPU
		{4B6B547C-A9E7-44A8-8318-CA87FDE62505}.Release|Any CPU.ActiveCfg = Release|Any CPU
		{4B6B547C-A9E7-44A8-8318-CA87FDE62505}.Release|Any CPU.Build.0 = Release|Any CPU
		{E16C079A-C71C-42B4-AE34-7778D90EEA59}.Debug|Any CPU.ActiveCfg = Debug|Any CPU
		{E16C079A-C71C-42B4-AE34-7778D90EEA59}.Debug|Any CPU.Build.0 = Debug|Any CPU
		{E16C079A-C71C-42B4-AE34-7778D90EEA59}.Release|Any CPU.ActiveCfg = Release|Any CPU
		{E16C079A-C71C-42B4-AE34-7778D90EEA59}.Release|Any CPU.Build.0 = Release|Any CPU
		{1F57D05A-7579-4C56-99D0-AF12201B724B}.Debug|Any CPU.ActiveCfg = Debug|Any CPU
		{1F57D05A-7579-4C56-99D0-AF12201B724B}.Debug|Any CPU.Build.0 = Debug|Any CPU
		{1F57D05A-7579-4C56-99D0-AF12201B724B}.Release|Any CPU.ActiveCfg = Release|Any CPU
		{1F57D05A-7579-4C56-99D0-AF12201B724B}.Release|Any CPU.Build.0 = Release|Any CPU
		{D437984E-9438-4B3E-B0F9-6B22E885F8B3}.Debug|Any CPU.ActiveCfg = Debug|Any CPU
		{D437984E-9438-4B3E-B0F9-6B22E885F8B3}.Debug|Any CPU.Build.0 = Debug|Any CPU
		{D437984E-9438-4B3E-B0F9-6B22E885F8B3}.Release|Any CPU.ActiveCfg = Release|Any CPU
		{D437984E-9438-4B3E-B0F9-6B22E885F8B3}.Release|Any CPU.Build.0 = Release|Any CPU
		{D6FBB280-9153-4D97-B8CF-8A06A0B4E333}.Debug|Any CPU.ActiveCfg = Debug|Any CPU
		{D6FBB280-9153-4D97-B8CF-8A06A0B4E333}.Debug|Any CPU.Build.0 = Debug|Any CPU
		{D6FBB280-9153-4D97-B8CF-8A06A0B4E333}.Release|Any CPU.ActiveCfg = Release|Any CPU
		{D6FBB280-9153-4D97-B8CF-8A06A0B4E333}.Release|Any CPU.Build.0 = Release|Any CPU
		{5B354F17-D8CA-4701-8535-DC57B525B984}.Debug|Any CPU.ActiveCfg = Debug|Any CPU
		{5B354F17-D8CA-4701-8535-DC57B525B984}.Debug|Any CPU.Build.0 = Debug|Any CPU
		{5B354F17-D8CA-4701-8535-DC57B525B984}.Release|Any CPU.ActiveCfg = Release|Any CPU
		{5B354F17-D8CA-4701-8535-DC57B525B984}.Release|Any CPU.Build.0 = Release|Any CPU
		{25EA9A6E-88D8-47A6-90AC-2F28EC4688D2}.Debug|Any CPU.ActiveCfg = Debug|Any CPU
		{25EA9A6E-88D8-47A6-90AC-2F28EC4688D2}.Debug|Any CPU.Build.0 = Debug|Any CPU
		{25EA9A6E-88D8-47A6-90AC-2F28EC4688D2}.Release|Any CPU.ActiveCfg = Release|Any CPU
		{25EA9A6E-88D8-47A6-90AC-2F28EC4688D2}.Release|Any CPU.Build.0 = Release|Any CPU
		{5519A0D6-8044-40C9-91DB-CFD8BD0139DA}.Debug|Any CPU.ActiveCfg = Debug|Any CPU
		{5519A0D6-8044-40C9-91DB-CFD8BD0139DA}.Debug|Any CPU.Build.0 = Debug|Any CPU
		{5519A0D6-8044-40C9-91DB-CFD8BD0139DA}.Release|Any CPU.ActiveCfg = Release|Any CPU
		{5519A0D6-8044-40C9-91DB-CFD8BD0139DA}.Release|Any CPU.Build.0 = Release|Any CPU
		{05D9A8D4-9432-468B-BAC9-5ECA3173DFA3}.Debug|Any CPU.ActiveCfg = Debug|Any CPU
		{05D9A8D4-9432-468B-BAC9-5ECA3173DFA3}.Debug|Any CPU.Build.0 = Debug|Any CPU
		{05D9A8D4-9432-468B-BAC9-5ECA3173DFA3}.Release|Any CPU.ActiveCfg = Release|Any CPU
		{05D9A8D4-9432-468B-BAC9-5ECA3173DFA3}.Release|Any CPU.Build.0 = Release|Any CPU
		{ADF33D41-A208-4DBA-AA35-86F3BF7E7802}.Debug|Any CPU.ActiveCfg = Debug|Any CPU
		{ADF33D41-A208-4DBA-AA35-86F3BF7E7802}.Debug|Any CPU.Build.0 = Debug|Any CPU
		{ADF33D41-A208-4DBA-AA35-86F3BF7E7802}.Release|Any CPU.ActiveCfg = Release|Any CPU
		{ADF33D41-A208-4DBA-AA35-86F3BF7E7802}.Release|Any CPU.Build.0 = Release|Any CPU
		{6D04D2B4-0686-4526-BB2E-22511261A8FF}.Debug|Any CPU.ActiveCfg = Debug|Any CPU
		{6D04D2B4-0686-4526-BB2E-22511261A8FF}.Debug|Any CPU.Build.0 = Debug|Any CPU
		{6D04D2B4-0686-4526-BB2E-22511261A8FF}.Release|Any CPU.ActiveCfg = Release|Any CPU
		{6D04D2B4-0686-4526-BB2E-22511261A8FF}.Release|Any CPU.Build.0 = Release|Any CPU
		{5C3BC87D-FA34-4C1D-B72A-61D22E0F14FF}.Debug|Any CPU.ActiveCfg = Debug|Any CPU
		{5C3BC87D-FA34-4C1D-B72A-61D22E0F14FF}.Debug|Any CPU.Build.0 = Debug|Any CPU
		{5C3BC87D-FA34-4C1D-B72A-61D22E0F14FF}.Release|Any CPU.ActiveCfg = Release|Any CPU
		{5C3BC87D-FA34-4C1D-B72A-61D22E0F14FF}.Release|Any CPU.Build.0 = Release|Any CPU
	EndGlobalSection
	GlobalSection(SolutionProperties) = preSolution
		HideSolutionNode = FALSE
	EndGlobalSection
	GlobalSection(ExtensibilityGlobals) = postSolution
		SolutionGuid = {234C61AF-7871-4063-8923-BC818DAB7610}
	EndGlobalSection
EndGlobal
